<?xml version="1.0" encoding="utf-8"?>
<Project ToolsVersion="4.0" xmlns="http://schemas.microsoft.com/developer/msbuild/2003">
  <ItemGroup>
    <Filter Include="Source Files">
      <UniqueIdentifier>{4FC737F1-C7A5-4376-A066-2A32D752A2FF}</UniqueIdentifier>
      <Extensions>cpp;c;cc;cxx;def;odl;idl;hpj;bat;asm;asmx</Extensions>
    </Filter>
    <Filter Include="Header Files">
      <UniqueIdentifier>{93995380-89BD-4b04-88EB-625FBE52EBFB}</UniqueIdentifier>
      <Extensions>h;hh;hpp;hxx;hm;inl;inc;xsd</Extensions>
    </Filter>
    <Filter Include="Resource Files">
      <UniqueIdentifier>{67DA6AB6-F800-4c08-8B7A-83BB121AAD01}</UniqueIdentifier>
      <Extensions>rc;ico;cur;bmp;dlg;rc2;rct;bin;rgs;gif;jpg;jpeg;jpe;resx;tiff;tif;png;wav</Extensions>
    </Filter>
  </ItemGroup>
  <ItemGroup>
    <ClCompile Include="UnAction.cpp">
      <Filter>Source Files</Filter>
    </ClCompile>
    <ClCompile Include="UnActLst.cpp">
      <Filter>Source Files</Filter>
    </ClCompile>
    <ClCompile Include="UnCache.cpp">
      <Filter>Source Files</Filter>
    </ClCompile>
    <ClCompile Include="UnCamera.cpp">
      <Filter>Source Files</Filter>
    </ClCompile>
    <ClCompile Include="UnCamMgr.cpp">
      <Filter>Source Files</Filter>
    </ClCompile>
    <ClCompile Include="UnCheat.cpp">
      <Filter>Source Files</Filter>
    </ClCompile>
    <ClCompile Include="UnChecks.cpp">
      <Filter>Source Files</Filter>
    </ClCompile>
    <ClCompile Include="UnClass.cpp">
      <Filter>Source Files</Filter>
    </ClCompile>
    <ClCompile Include="UnClsPrp.cpp">
      <Filter>Source Files</Filter>
    </ClCompile>
    <ClCompile Include="UnConfig.cpp">
      <Filter>Source Files</Filter>
    </ClCompile>
    <ClCompile Include="UnDeflts.cpp">
      <Filter>Source Files</Filter>
    </ClCompile>
    <ClCompile Include="UnDynBsp.cpp">
      <Filter>Source Files</Filter>
    </ClCompile>
    <ClCompile Include="UnEngine.cpp">
      <Filter>Source Files</Filter>
    </ClCompile>
    <ClCompile Include="UnFGAud.cpp">
      <Filter>Source Files</Filter>
    </ClCompile>
    <ClCompile Include="UnFile.cpp">
      <Filter>Source Files</Filter>
    </ClCompile>
    <ClCompile Include="UnFPoly.cpp">
      <Filter>Source Files</Filter>
    </ClCompile>
    <ClCompile Include="UnGfx.cpp">
      <Filter>Source Files</Filter>
    </ClCompile>
    <ClCompile Include="UnInput.cpp">
      <Filter>Source Files</Filter>
    </ClCompile>
    <ClCompile Include="UnInputP.cpp">
      <Filter>Source Files</Filter>
    </ClCompile>
    <ClCompile Include="UnKeyVal.cpp">
      <Filter>Source Files</Filter>
    </ClCompile>
    <ClCompile Include="UnLevAct.cpp">
      <Filter>Source Files</Filter>
    </ClCompile>
    <ClCompile Include="UnLevel.cpp">
      <Filter>Source Files</Filter>
    </ClCompile>
    <ClCompile Include="UnLevTic.cpp">
      <Filter>Source Files</Filter>
    </ClCompile>
    <ClCompile Include="UnMath.cpp">
      <Filter>Source Files</Filter>
    </ClCompile>
    <ClCompile Include="UnMem.cpp">
      <Filter>Source Files</Filter>
    </ClCompile>
    <ClCompile Include="UnMesh.cpp">
      <Filter>Source Files</Filter>
    </ClCompile>
    <ClCompile Include="UnModel.cpp">
      <Filter>Source Files</Filter>
    </ClCompile>
    <ClCompile Include="UnOutDev.cpp">
      <Filter>Source Files</Filter>
    </ClCompile>
    <ClCompile Include="UnParams.cpp">
      <Filter>Source Files</Filter>
    </ClCompile>
    <ClCompile Include="UnParse.cpp">
      <Filter>Source Files</Filter>
    </ClCompile>
    <ClCompile Include="UnPhys.cpp">
      <Filter>Source Files</Filter>
    </ClCompile>
    <ClCompile Include="UnPrefer.cpp">
      <Filter>Source Files</Filter>
    </ClCompile>
    <ClCompile Include="UnRes.cpp">
      <Filter>Source Files</Filter>
    </ClCompile>
    <ClCompile Include="UnScript.cpp">
      <Filter>Source Files</Filter>
    </ClCompile>
    <ClCompile Include="UnScrRtl.cpp">
      <Filter>Source Files</Filter>
    </ClCompile>
    <ClCompile Include="UnServer.cpp">
      <Filter>Source Files</Filter>
    </ClCompile>
    <ClCompile Include="UnSound.cpp">
      <Filter>Source Files</Filter>
    </ClCompile>
    <ClCompile Include="UnTex.cpp">
      <Filter>Source Files</Filter>
    </ClCompile>
    <ClCompile Include="UnTopics.cpp">
      <Filter>Source Files</Filter>
    </ClCompile>
  </ItemGroup>
  <ItemGroup>
    <ClInclude Include="RESOURCE.H">
      <Filter>Header Files</Filter>
    </ClInclude>
    <ClInclude Include="..\inc\AiAnimat.h">
      <Filter>Header Files</Filter>
    </ClInclude>
    <ClInclude Include="..\inc\AiMotion.h">
      <Filter>Header Files</Filter>
    </ClInclude>
    <ClInclude Include="..\inc\D3d.h">
      <Filter>Header Files</Filter>
    </ClInclude>
    <ClInclude Include="..\inc\D3dCaps.h">
      <Filter>Header Files</Filter>
    </ClInclude>
    <ClInclude Include="..\inc\D3dRM.h">
      <Filter>Header Files</Filter>
    </ClInclude>
    <ClInclude Include="..\inc\D3dRMdef.h">
      <Filter>Header Files</Filter>
    </ClInclude>
    <ClInclude Include="..\inc\D3dRMobj.h">
      <Filter>Header Files</Filter>
    </ClInclude>
    <ClInclude Include="..\inc\D3dRMwin.h">
      <Filter>Header Files</Filter>
    </ClInclude>
    <ClInclude Include="..\inc\D3dTypes.h">
      <Filter>Header Files</Filter>
    </ClInclude>
    <ClInclude Include="..\inc\DDraw1.h">
      <Filter>Header Files</Filter>
    </ClInclude>
    <ClInclude Include="..\inc\DDraw2.h">
      <Filter>Header Files</Filter>
    </ClInclude>
    <ClInclude Include="..\inc\DMouse.h">
      <Filter>Header Files</Filter>
    </ClInclude>
    <ClInclude Include="..\inc\DSetup.h">
      <Filter>Header Files</Filter>
    </ClInclude>
    <ClInclude Include="..\inc\DSound.h">
      <Filter>Header Files</Filter>
    </ClInclude>
    <ClInclude Include="..\inc\Net.h">
      <Filter>Header Files</Filter>
    </ClInclude>
    <ClInclude Include="..\inc\Root.h">
      <Filter>Header Files</Filter>
    </ClInclude>
    <ClInclude Include="..\inc\SoundEng.h">
      <Filter>Header Files</Filter>
    </ClInclude>
    <ClInclude Include="..\inc\UnAction.h">
      <Filter>Header Files</Filter>
    </ClInclude>
    <ClInclude Include="..\inc\UnActor.h">
      <Filter>Header Files</Filter>
    </ClInclude>
    <ClInclude Include="..\inc\UnArray.h">
      <Filter>Header Files</Filter>
    </ClInclude>
    <ClInclude Include="..\inc\UnBuild.h">
      <Filter>Header Files</Filter>
    </ClInclude>
    <ClInclude Include="..\inc\UnCache.h">
      <Filter>Header Files</Filter>
    </ClInclude>
    <ClInclude Include="..\inc\UnCamera.h">
      <Filter>Header Files</Filter>
    </ClInclude>
    <ClInclude Include="..\inc\UnCheat.h">
      <Filter>Header Files</Filter>
    </ClInclude>
    <ClInclude Include="..\inc\UnChecks.h">
      <Filter>Header Files</Filter>
    </ClInclude>
    <ClInclude Include="..\inc\UnConfig.h">
      <Filter>Header Files</Filter>
    </ClInclude>
    <ClInclude Include="..\inc\UnDeflts.h">
      <Filter>Header Files</Filter>
    </ClInclude>
    <ClInclude Include="..\inc\UnDynBsp.h">
      <Filter>Header Files</Filter>
    </ClInclude>
    <ClInclude Include="..\inc\UnEditor.h">
      <Filter>Header Files</Filter>
    </ClInclude>
    <ClInclude Include="..\inc\UnEdTran.h">
      <Filter>Header Files</Filter>
    </ClInclude>
    <ClInclude Include="..\inc\UnEngine.h">
      <Filter>Header Files</Filter>
    </ClInclude>
    <ClInclude Include="..\inc\UnFGaud.h">
      <Filter>Header Files</Filter>
    </ClInclude>
    <ClInclude Include="..\inc\UnFile.h">
      <Filter>Header Files</Filter>
    </ClInclude>
    <ClInclude Include="..\inc\UnGfx.h">
      <Filter>Header Files</Filter>
    </ClInclude>
    <ClInclude Include="..\inc\UnInput.h">
      <Filter>Header Files</Filter>
    </ClInclude>
    <ClInclude Include="..\inc\UnInputP.h">
      <Filter>Header Files</Filter>
    </ClInclude>
    <ClInclude Include="..\inc\UnKeyVal.h">
      <Filter>Header Files</Filter>
    </ClInclude>
    <ClInclude Include="..\inc\UnLevel.h">
      <Filter>Header Files</Filter>
    </ClInclude>
    <ClInclude Include="..\inc\UnMath.h">
      <Filter>Header Files</Filter>
    </ClInclude>
    <ClInclude Include="..\inc\UnMem.h">
      <Filter>Header Files</Filter>
    </ClInclude>
    <ClInclude Include="..\inc\UnMsgs.h">
      <Filter>Header Files</Filter>
    </ClInclude>
    <ClInclude Include="..\inc\UnParams.h">
      <Filter>Header Files</Filter>
    </ClInclude>
    <ClInclude Include="..\inc\UnParse.h">
      <Filter>Header Files</Filter>
    </ClInclude>
    <ClInclude Include="..\inc\UnPlatfm.h">
      <Filter>Header Files</Filter>
    </ClInclude>
    <ClInclude Include="..\inc\UnPort.h">
      <Filter>Header Files</Filter>
    </ClInclude>
    <ClInclude Include="..\inc\UnPrefer.h">
      <Filter>Header Files</Filter>
    </ClInclude>
    <ClInclude Include="..\inc\UnRandom.h">
      <Filter>Header Files</Filter>
    </ClInclude>
    <ClInclude Include="..\inc\UnRaster.h">
      <Filter>Header Files</Filter>
    </ClInclude>
    <ClInclude Include="..\inc\Unreal.h">
      <Filter>Header Files</Filter>
    </ClInclude>
    <ClInclude Include="..\inc\UnRender.h">
      <Filter>Header Files</Filter>
    </ClInclude>
    <ClInclude Include="..\inc\UnRenDev.h">
      <Filter>Header Files</Filter>
    </ClInclude>
    <ClInclude Include="..\inc\UnRes.h">
      <Filter>Header Files</Filter>
    </ClInclude>
    <ClInclude Include="..\inc\UnResTyp.h">
      <Filter>Header Files</Filter>
    </ClInclude>
    <ClInclude Include="..\inc\UnScript.h">
      <Filter>Header Files</Filter>
    </ClInclude>
    <ClInclude Include="..\inc\UnServer.h">
      <Filter>Header Files</Filter>
    </ClInclude>
    <ClInclude Include="..\inc\UnSound.h">
      <Filter>Header Files</Filter>
    </ClInclude>
    <ClInclude Include="..\inc\UnSpan.h">
      <Filter>Header Files</Filter>
    </ClInclude>
    <ClInclude Include="..\inc\UnTopics.h">
      <Filter>Header Files</Filter>
    </ClInclude>
    <ClInclude Include="..\inc\UnVGame.h">
      <Filter>Header Files</Filter>
    </ClInclude>
    <ClInclude Include="..\inc\WinINet.h">
      <Filter>Header Files</Filter>
    </ClInclude>
  </ItemGroup>
  <ItemGroup>
    <ResourceCompile Include="ENGINE.RC">
      <Filter>Resource Files</Filter>
    </ResourceCompile>
  </ItemGroup>
  <ItemGroup>
    <None Include="UnEngine.rc2">
      <Filter>Resource Files</Filter>
    </None>
  </ItemGroup>
</Project>