<?xml version="1.0" encoding="utf-8"?>
<Project ToolsVersion="4.0" xmlns="http://schemas.microsoft.com/developer/msbuild/2003">
  <ItemGroup>
    <Filter Include="Source Files">
      <UniqueIdentifier>{2036f170-87cd-4c6f-85c8-67a09ff965e4}</UniqueIdentifier>
    </Filter>
    <Filter Include="Resource Files">
      <UniqueIdentifier>{d59b1960-5102-43ec-a048-c2ce554bb403}</UniqueIdentifier>
    </Filter>
    <Filter Include="Header Files">
      <UniqueIdentifier>{35298459-0c33-45ff-8b66-94a417266892}</UniqueIdentifier>
    </Filter>
  </ItemGroup>
  <ItemGroup>
    <ClCompile Include="UnWeapon.cpp">
      <Filter>Source Files</Filter>
    </ClCompile>
    <ClCompile Include="UnTrig.cpp">
      <Filter>Source Files</Filter>
    </ClCompile>
    <ClCompile Include="UnThings.cpp">
      <Filter>Source Files</Filter>
    </ClCompile>
    <ClCompile Include="UnRoot.cpp">
      <Filter>Source Files</Filter>
    </ClCompile>
    <ClCompile Include="UnRandom.cpp">
      <Filter>Source Files</Filter>
    </ClCompile>
    <ClCompile Include="UnPyro.cpp">
      <Filter>Source Files</Filter>
    </ClCompile>
    <ClCompile Include="UnPlayer.cpp">
      <Filter>Source Files</Filter>
    </ClCompile>
    <ClCompile Include="UnPawns.cpp">
      <Filter>Source Files</Filter>
    </ClCompile>
    <ClCompile Include="UnPawn.cpp">
      <Filter>Source Files</Filter>
    </ClCompile>
    <ClCompile Include="UnMover.cpp">
      <Filter>Source Files</Filter>
    </ClCompile>
    <ClCompile Include="UnKeyPts.cpp">
      <Filter>Source Files</Filter>
    </ClCompile>
    <ClCompile Include="UnInv.cpp">
      <Filter>Source Files</Filter>
    </ClCompile>
    <ClCompile Include="UnGCheat.cpp">
      <Filter>Source Files</Filter>
    </ClCompile>
    <ClCompile Include="UnGame.cpp">
      <Filter>Source Files</Filter>
    </ClCompile>
    <ClCompile Include="UnFActor.cpp">
      <Filter>Source Files</Filter>
    </ClCompile>
    <ClCompile Include="UnExplos.cpp">
      <Filter>Source Files</Filter>
    </ClCompile>
    <ClCompile Include="UnDecora.cpp">
      <Filter>Source Files</Filter>
    </ClCompile>
    <ClCompile Include="UnCon.cpp">
      <Filter>Source Files</Filter>
    </ClCompile>
    <ClCompile Include="UnActPro.cpp">
      <Filter>Source Files</Filter>
    </ClCompile>
    <ClCompile Include="AiAnimat.cpp">
      <Filter>Source Files</Filter>
    </ClCompile>
  </ItemGroup>
  <ItemGroup>
    <ClInclude Include="UnGame.h">
      <Filter>Header Files</Filter>
    </ClInclude>
    <ClInclude Include="UnFActor.h">
      <Filter>Header Files</Filter>
    </ClInclude>
    <ClInclude Include="UnCon.h">
      <Filter>Header Files</Filter>
    </ClInclude>
    <ClInclude Include="Resource.h">
      <Filter>Header Files</Filter>
    </ClInclude>
  </ItemGroup>
  <ItemGroup>
    <ResourceCompile Include="Game.rc">
      <Filter>Resource Files</Filter>
    </ResourceCompile>
  </ItemGroup>
  <ItemGroup>
    <None Include="Res\UnGame.rc2">
      <Filter>Resource Files</Filter>
    </None>
  </ItemGroup>
</Project>