
Microsoft Visual Studio Solution File, Format Version 12.00
# Visual Studio Version 16
VisualStudioVersion = 16.0.29102.190
MinimumVisualStudioVersion = 10.0.40219.1
Project("{8BC9CEB8-8B4A-11D0-8D11-00A0C91BC942}") = "UnEngine", "Engine\UnEngine.vcxproj", "{34A6AA1A-3FAB-46F1-BEA0-0BB26551DCBD}"
EndProject
Project("{8BC9CEB8-8B4A-11D0-8D11-00A0C91BC942}") = "UnGame", "Game\UnGame.vcxproj", "{F402A5B5-80BD-4EF2-9B8F-7468353C7CF7}"
	ProjectSection(ProjectDependencies) = postProject
		{34A6AA1A-3FAB-46F1-BEA0-0BB26551DCBD} = {34A6AA1A-3FAB-46F1-BEA0-0BB26551DCBD}
	EndProjectSection
EndProject
Project("{8BC9CEB8-8B4A-11D0-8D11-00A0C91BC942}") = "UnServer", "Windows\Windows.vcxproj", "{892A241F-F24D-4AC3-B28D-AD614CC93A1A}"
	ProjectSection(ProjectDependencies) = postProject
		{34A6AA1A-3FAB-46F1-BEA0-0BB26551DCBD} = {34A6AA1A-3FAB-46F1-BEA0-0BB26551DCBD}
		{F402A5B5-80BD-4EF2-9B8F-7468353C7CF7} = {F402A5B5-80BD-4EF2-9B8F-7468353C7CF7}
	EndProjectSection
EndProject
Project("{8BC9CEB8-8B4A-11D0-8D11-00A0C91BC942}") = "UnNet", "Network\UnNet.vcxproj", "{9435D8AE-9F5F-430D-938C-BBB3BB9BE21F}"
EndProject
Project("{8BC9CEB8-8B4A-11D0-8D11-00A0C91BC942}") = "UnEditor", "Editor\UnEditor.vcxproj", "{3EF5797E-EE37-497B-96F0-E0256EEC78AA}"
EndProject
Project("{8BC9CEB8-8B4A-11D0-8D11-00A0C91BC942}") = "UnRender", "Render\UnRender.vcxproj", "{5E3586AE-E7FF-43CC-A20E-89285E3A37E2}"
EndProject
Global
	GlobalSection(SolutionConfigurationPlatforms) = preSolution
		Debug|x64 = Debug|x64
		Debug|x86 = Debug|x86
		Release|x64 = Release|x64
		Release|x86 = Release|x86
	EndGlobalSection
	GlobalSection(ProjectConfigurationPlatforms) = postSolution
		{34A6AA1A-3FAB-46F1-BEA0-0BB26551DCBD}.Debug|x64.ActiveCfg = Debug|x64
		{34A6AA1A-3FAB-46F1-BEA0-0BB26551DCBD}.Debug|x64.Build.0 = Debug|x64
		{34A6AA1A-3FAB-46F1-BEA0-0BB26551DCBD}.Debug|x86.ActiveCfg = Debug|Win32
		{34A6AA1A-3FAB-46F1-BEA0-0BB26551DCBD}.Debug|x86.Build.0 = Debug|Win32
		{34A6AA1A-3FAB-46F1-BEA0-0BB26551DCBD}.Release|x64.ActiveCfg = Release|x64
		{34A6AA1A-3FAB-46F1-BEA0-0BB26551DCBD}.Release|x64.Build.0 = Release|x64
		{34A6AA1A-3FAB-46F1-BEA0-0BB26551DCBD}.Release|x86.ActiveCfg = Release|Win32
		{34A6AA1A-3FAB-46F1-BEA0-0BB26551DCBD}.Release|x86.Build.0 = Release|Win32
		{F402A5B5-80BD-4EF2-9B8F-7468353C7CF7}.Debug|x64.ActiveCfg = Debug|x64
		{F402A5B5-80BD-4EF2-9B8F-7468353C7CF7}.Debug|x64.Build.0 = Debug|x64
		{F402A5B5-80BD-4EF2-9B8F-7468353C7CF7}.Debug|x86.ActiveCfg = Debug|Win32
		{F402A5B5-80BD-4EF2-9B8F-7468353C7CF7}.Debug|x86.Build.0 = Debug|Win32
		{F402A5B5-80BD-4EF2-9B8F-7468353C7CF7}.Release|x64.ActiveCfg = Release|x64
		{F402A5B5-80BD-4EF2-9B8F-7468353C7CF7}.Release|x64.Build.0 = Release|x64
		{F402A5B5-80BD-4EF2-9B8F-7468353C7CF7}.Release|x86.ActiveCfg = Release|Win32
		{F402A5B5-80BD-4EF2-9B8F-7468353C7CF7}.Release|x86.Build.0 = Release|Win32
		{892A241F-F24D-4AC3-B28D-AD614CC93A1A}.Debug|x64.ActiveCfg = Debug|x64
		{892A241F-F24D-4AC3-B28D-AD614CC93A1A}.Debug|x64.Build.0 = Debug|x64
		{892A241F-F24D-4AC3-B28D-AD614CC93A1A}.Debug|x86.ActiveCfg = Debug|Win32
		{892A241F-F24D-4AC3-B28D-AD614CC93A1A}.Debug|x86.Build.0 = Debug|Win32
		{892A241F-F24D-4AC3-B28D-AD614CC93A1A}.Release|x64.ActiveCfg = Release|x64
		{892A241F-F24D-4AC3-B28D-AD614CC93A1A}.Release|x64.Build.0 = Release|x64
		{892A241F-F24D-4AC3-B28D-AD614CC93A1A}.Release|x86.ActiveCfg = Release|Win32
		{892A241F-F24D-4AC3-B28D-AD614CC93A1A}.Release|x86.Build.0 = Release|Win32
		{9435D8AE-9F5F-430D-938C-BBB3BB9BE21F}.Debug|x64.ActiveCfg = Debug|x64
		{9435D8AE-9F5F-430D-938C-BBB3BB9BE21F}.Debug|x64.Build.0 = Debug|x64
		{9435D8AE-9F5F-430D-938C-BBB3BB9BE21F}.Debug|x86.ActiveCfg = Debug|Win32
		{9435D8AE-9F5F-430D-938C-BBB3BB9BE21F}.Debug|x86.Build.0 = Debug|Win32
		{9435D8AE-9F5F-430D-938C-BBB3BB9BE21F}.Release|x64.ActiveCfg = Release|x64
		{9435D8AE-9F5F-430D-938C-BBB3BB9BE21F}.Release|x64.Build.0 = Release|x64
		{9435D8AE-9F5F-430D-938C-BBB3BB9BE21F}.Release|x86.ActiveCfg = Release|Win32
		{9435D8AE-9F5F-430D-938C-BBB3BB9BE21F}.Release|x86.Build.0 = Release|Win32
		{3EF5797E-EE37-497B-96F0-E0256EEC78AA}.Debug|x64.ActiveCfg = Debug|x64
		{3EF5797E-EE37-497B-96F0-E0256EEC78AA}.Debug|x64.Build.0 = Debug|x64
		{3EF5797E-EE37-497B-96F0-E0256EEC78AA}.Debug|x86.ActiveCfg = Debug|Win32
		{3EF5797E-EE37-497B-96F0-E0256EEC78AA}.Debug|x86.Build.0 = Debug|Win32
		{3EF5797E-EE37-497B-96F0-E0256EEC78AA}.Release|x64.ActiveCfg = Release|x64
		{3EF5797E-EE37-497B-96F0-E0256EEC78AA}.Release|x64.Build.0 = Release|x64
		{3EF5797E-EE37-497B-96F0-E0256EEC78AA}.Release|x86.ActiveCfg = Release|Win32
		{3EF5797E-EE37-497B-96F0-E0256EEC78AA}.Release|x86.Build.0 = Release|Win32
		{5E3586AE-E7FF-43CC-A20E-89285E3A37E2}.Debug|x64.ActiveCfg = Debug|x64
		{5E3586AE-E7FF-43CC-A20E-89285E3A37E2}.Debug|x64.Build.0 = Debug|x64
		{5E3586AE-E7FF-43CC-A20E-89285E3A37E2}.Debug|x86.ActiveCfg = Debug|Win32
		{5E3586AE-E7FF-43CC-A20E-89285E3A37E2}.Debug|x86.Build.0 = Debug|Win32
		{5E3586AE-E7FF-43CC-A20E-89285E3A37E2}.Release|x64.ActiveCfg = Release|x64
		{5E3586AE-E7FF-43CC-A20E-89285E3A37E2}.Release|x64.Build.0 = Release|x64
		{5E3586AE-E7FF-43CC-A20E-89285E3A37E2}.Release|x86.ActiveCfg = Release|Win32
		{5E3586AE-E7FF-43CC-A20E-89285E3A37E2}.Release|x86.Build.0 = Release|Win32
	EndGlobalSection
	GlobalSection(SolutionProperties) = preSolution
		HideSolutionNode = FALSE
	EndGlobalSection
	GlobalSection(ExtensibilityGlobals) = postSolution
		SolutionGuid = {823D5B27-18B1-4256-963F-62A27BD2D6AE}
	EndGlobalSection
EndGlobal
